<?xml version="1.0" encoding="utf-8"?>
<Project ToolsVersion="4.0" xmlns="http://schemas.microsoft.com/developer/msbuild/2003">
  <ItemGroup>
    <ClCompile Include="src\main.cpp">
      <Filter>Source Files</Filter>
    </ClCompile>
    <ClCompile Include="src\stdafx.cpp">
      <Filter>precompiled files</Filter>
    </ClCompile>
    <ClCompile Include="src\App.cpp">
      <Filter>Source Files</Filter>
    </ClCompile>
    <ClCompile Include="src\State.cpp">
      <Filter>states</Filter>
    </ClCompile>
    <ClCompile Include="src\MainMenuState.cpp">
      <Filter>states</Filter>
    </ClCompile>
    <ClCompile Include="src\Gui.cpp">
      <Filter>GUI</Filter>
    </ClCompile>
    <ClCompile Include="src\GraphicsSettings.cpp">
      <Filter>Source Files</Filter>
    </ClCompile>
    <ClCompile Include="src\Crappy Neural Nets\HiddenLayer.cpp">
      <Filter>Crappy Neural Nets</Filter>
    </ClCompile>
    <ClCompile Include="src\Crappy Neural Nets\InputLayer.cpp">
      <Filter>Crappy Neural Nets</Filter>
    </ClCompile>
    <ClCompile Include="src\Crappy Neural Nets\Matrix.cpp">
      <Filter>Crappy Neural Nets</Filter>
    </ClCompile>
    <ClCompile Include="src\Crappy Neural Nets\NeuralNet.cpp">
      <Filter>Crappy Neural Nets</Filter>
    </ClCompile>
    <ClCompile Include="src\Crappy Neural Nets\Neuron.cpp">
      <Filter>Crappy Neural Nets</Filter>
    </ClCompile>
    <ClCompile Include="src\Crappy Neural Nets\OutputLayer.cpp">
      <Filter>Crappy Neural Nets</Filter>
    </ClCompile>
    <ClCompile Include="src\Crappy Neural Nets\RandomNumbersGenerator.cpp">
      <Filter>Crappy Neural Nets</Filter>
    </ClCompile>
    <ClCompile Include="src\SimulationState.cpp">
      <Filter>states</Filter>
    </ClCompile>
    <ClCompile Include="src\Ecosystem.cpp">
      <Filter>ecosystem</Filter>
    </ClCompile>
    <ClCompile Include="src\SideMenu.cpp">
      <Filter>GUI</Filter>
    </ClCompile>
    <ClCompile Include="src\stdafx.cpp" />
    <ClCompile Include="src\MainMenuState.cpp" />
    <ClCompile Include="src\stdafx.cpp" />
    <ClCompile Include="src\Ecosystem.cpp" />
    <ClCompile Include="src\GraphicsSettings.cpp" />
    <ClCompile Include="src\Gui.cpp" />
    <ClCompile Include="src\App.cpp" />
    <ClCompile Include="src\MainMenuState.cpp" />
    <ClCompile Include="src\stdafx.cpp" />
    <ClCompile Include="src\Button.cpp">
      <Filter>GUI</Filter>
    </ClCompile>
    <ClCompile Include="src\Fruit.cpp">
      <Filter>ecosystem</Filter>
    </ClCompile>
    <ClCompile Include="src\Animal.cpp">
      <Filter>ecosystem</Filter>
    </ClCompile>
    <ClCompile Include="src\InputField.cpp">
      <Filter>GUI</Filter>
    </ClCompile>
    <ClCompile Include="src\MovementComponent.cpp">
      <Filter>ecosystem\components</Filter>
    </ClCompile>
    <ClCompile Include="src\ScaleSlider.cpp">
      <Filter>GUI</Filter>
    </ClCompile>
    <ClCompile Include="src\ProgressBar.cpp">
      <Filter>GUI</Filter>
    </ClCompile>
    <ClCompile Include="src\NeuralNetPreview.cpp">
      <Filter>GUI</Filter>
    </ClCompile>
    <ClCompile Include="src\TextureButton.cpp">
      <Filter>GUI</Filter>
    </ClCompile>
    <ClCompile Include="src\EventsAccessor.cpp">
      <Filter>Source Files</Filter>
    </ClCompile>
    <ClCompile Include="src\LoadingState.cpp" />
  </ItemGroup>
  <ItemGroup>
    <Filter Include="Resource Files">
      <UniqueIdentifier>{f56e7123-676d-4cbd-a0f0-6780b94d669a}</UniqueIdentifier>
    </Filter>
    <Filter Include="Source Files">
      <UniqueIdentifier>{2218bf07-da3f-4c9f-a6d5-33a2c4670944}</UniqueIdentifier>
    </Filter>
    <Filter Include="Header Files">
      <UniqueIdentifier>{0738937d-ac7b-46bd-a1e8-335c3f07ba8f}</UniqueIdentifier>
    </Filter>
    <Filter Include="SFML">
      <UniqueIdentifier>{f3797065-c832-41aa-9d51-e96a714ea6d2}</UniqueIdentifier>
    </Filter>
    <Filter Include="GUI">
      <UniqueIdentifier>{8df1c60e-71ef-4988-89cf-dcd01e9f7a2d}</UniqueIdentifier>
    </Filter>
    <Filter Include="Crappy Neural Nets">
      <UniqueIdentifier>{740901c6-bbff-4dfd-841c-76192cbb722c}</UniqueIdentifier>
    </Filter>
    <Filter Include="config">
      <UniqueIdentifier>{c35092b0-7f22-44b9-98e0-0b40f5814092}</UniqueIdentifier>
    </Filter>
    <Filter Include="states">
      <UniqueIdentifier>{72388021-8b8a-409f-b985-05c69ec26d6c}</UniqueIdentifier>
    </Filter>
    <Filter Include="resources">
      <UniqueIdentifier>{9e2c5b4d-5a6b-4eb2-919e-0a704e8976b7}</UniqueIdentifier>
    </Filter>
    <Filter Include="resources\fonts">
      <UniqueIdentifier>{a2b34f5f-01fd-4c7b-9292-2c361884f56d}</UniqueIdentifier>
    </Filter>
    <Filter Include="precompiled files">
      <UniqueIdentifier>{cc131141-cfa2-41e5-8bc5-e647d1065000}</UniqueIdentifier>
    </Filter>
    <Filter Include="ecosystem">
      <UniqueIdentifier>{5e38ab68-3f37-4336-8db8-35876a97bf71}</UniqueIdentifier>
    </Filter>
    <Filter Include="ecosystems">
      <UniqueIdentifier>{583b4a34-0c51-47fe-bb41-e8f154c2d68b}</UniqueIdentifier>
    </Filter>
    <Filter Include="ecosystem\components">
      <UniqueIdentifier>{50a56814-f21a-456a-a1ca-a211bfa880be}</UniqueIdentifier>
    </Filter>
    <Filter Include="resources\template files">
      <UniqueIdentifier>{b3b481b5-789f-408e-8ace-81b978afa1e9}</UniqueIdentifier>
    </Filter>
    <Filter Include="resources\textures">
      <UniqueIdentifier>{28cee658-e54a-4a75-8385-a01aa9ec2dd9}</UniqueIdentifier>
    </Filter>
    <Filter Include="resources\textures\GUI">
      <UniqueIdentifier>{b3414b4e-7877-410c-8a9e-a9450690d422}</UniqueIdentifier>
    </Filter>
    <Filter Include="resources\textures\GUI\arrows">
      <UniqueIdentifier>{278321aa-f466-4d7d-bb08-79b36183e9b8}</UniqueIdentifier>
    </Filter>
    <Filter Include="resources\textures\GUI\God tools">
      <UniqueIdentifier>{b4222ea3-9d34-4859-ad91-d866020d9030}</UniqueIdentifier>
    </Filter>
    <Filter Include="resources\textures\GUI\play and stop">
      <UniqueIdentifier>{f7dd9bde-f356-4e0c-aded-d74ed662a591}</UniqueIdentifier>
    </Filter>
    <Filter Include="resources\textures\GUI\scale sliders">
      <UniqueIdentifier>{1bd82ea7-066e-4ddd-a6c0-a6d9745e12d4}</UniqueIdentifier>
    </Filter>
    <Filter Include="resources\textures\GUI\God tools\clone">
      <UniqueIdentifier>{d425c46b-7582-44dd-b14c-6177e314d256}</UniqueIdentifier>
    </Filter>
    <Filter Include="resources\textures\GUI\God tools\cursors">
      <UniqueIdentifier>{0f597dfa-a6d4-4d44-bc50-93047dac13ef}</UniqueIdentifier>
    </Filter>
    <Filter Include="resources\textures\GUI\God tools\brain">
      <UniqueIdentifier>{da4c25e4-cb6a-4738-aa34-dd6f1133f630}</UniqueIdentifier>
    </Filter>
    <Filter Include="resources\textures\GUI\God tools\remove">
      <UniqueIdentifier>{3b6c4759-4338-4269-9629-a4667252ed30}</UniqueIdentifier>
    </Filter>
    <Filter Include="resources\textures\GUI\God tools\replace">
      <UniqueIdentifier>{c6b2582b-e956-416d-99bc-c71506b4eb27}</UniqueIdentifier>
    </Filter>
    <Filter Include="resources\textures\GUI\God tools\stop">
      <UniqueIdentifier>{f7bba167-8a1a-4859-8a3e-a9805bc7626f}</UniqueIdentifier>
    </Filter>
    <Filter Include="resources\textures\GUI\scale sliders\axes">
      <UniqueIdentifier>{2a949479-05ef-4375-ae88-3892f26207a5}</UniqueIdentifier>
    </Filter>
    <Filter Include="resources\textures\GUI\scale sliders\handles">
      <UniqueIdentifier>{b1f2ba67-b714-4ba4-830b-67a86c21a81c}</UniqueIdentifier>
    </Filter>
  </ItemGroup>
  <ItemGroup>
    <ClInclude Include="src\stdafx.h">
      <Filter>precompiled files</Filter>
    </ClInclude>
    <ClInclude Include="src\App.h">
      <Filter>Header Files</Filter>
    </ClInclude>
    <ClInclude Include="src\State.h">
      <Filter>states</Filter>
    </ClInclude>
    <ClInclude Include="src\MainMenuState.h">
      <Filter>states</Filter>
    </ClInclude>
    <ClInclude Include="src\Gui.h">
      <Filter>GUI</Filter>
    </ClInclude>
    <ClInclude Include="src\GraphicsSettings.h">
      <Filter>Header Files</Filter>
    </ClInclude>
    <ClInclude Include="src\Crappy Neural Nets\Config.h">
      <Filter>Crappy Neural Nets</Filter>
    </ClInclude>
    <ClInclude Include="src\Crappy Neural Nets\HiddenLayer.h">
      <Filter>Crappy Neural Nets</Filter>
    </ClInclude>
    <ClInclude Include="src\Crappy Neural Nets\InputLayer.h">
      <Filter>Crappy Neural Nets</Filter>
    </ClInclude>
    <ClInclude Include="src\Crappy Neural Nets\Matrix.h">
      <Filter>Crappy Neural Nets</Filter>
    </ClInclude>
    <ClInclude Include="src\Crappy Neural Nets\NeuralNet.h">
      <Filter>Crappy Neural Nets</Filter>
    </ClInclude>
    <ClInclude Include="src\Crappy Neural Nets\Neuron.h">
      <Filter>Crappy Neural Nets</Filter>
    </ClInclude>
    <ClInclude Include="src\Crappy Neural Nets\OutputLayer.h">
      <Filter>Crappy Neural Nets</Filter>
    </ClInclude>
    <ClInclude Include="src\Crappy Neural Nets\RandomNumbersGenerator.h">
      <Filter>Crappy Neural Nets</Filter>
    </ClInclude>
    <ClInclude Include="src\SimulationState.h">
      <Filter>states</Filter>
    </ClInclude>
    <ClInclude Include="src\Ecosystem.h">
      <Filter>ecosystem</Filter>
    </ClInclude>
    <ClInclude Include="src\SideMenu.h">
      <Filter>GUI</Filter>
    </ClInclude>
    <ClInclude Include="src\stdafx.h" />
    <ClInclude Include="src\stdafx.h" />
    <ClInclude Include="src\stdafx.h" />
    <ClInclude Include="src\Button.h">
      <Filter>GUI</Filter>
    </ClInclude>
    <ClInclude Include="src\Fruit.h">
      <Filter>ecosystem</Filter>
    </ClInclude>
    <ClInclude Include="src\Animal.h">
      <Filter>ecosystem</Filter>
    </ClInclude>
    <ClInclude Include="src\InputField.h">
      <Filter>GUI</Filter>
    </ClInclude>
    <ClInclude Include="src\MovementComponent.h">
      <Filter>ecosystem\components</Filter>
    </ClInclude>
    <ClInclude Include="src\ScaleSlider.h">
      <Filter>GUI</Filter>
    </ClInclude>
    <ClInclude Include="src\ProgressBar.h">
      <Filter>GUI</Filter>
    </ClInclude>
    <ClInclude Include="src\NeuralNetPreview.h">
      <Filter>GUI</Filter>
    </ClInclude>
    <ClInclude Include="src\TextureButton.h">
      <Filter>GUI</Filter>
    </ClInclude>
    <ClInclude Include="src\EventsAccessor.h">
      <Filter>Header Files</Filter>
    </ClInclude>
    <ClInclude Include="src\LoadingState.h" />
  </ItemGroup>
  <ItemGroup>
    <None Include="sfml-window-d-2.dll">
      <Filter>SFML</Filter>
    </None>
    <None Include="openal32.dll">
      <Filter>SFML</Filter>
    </None>
    <None Include="sfml-audio-2.dll">
      <Filter>SFML</Filter>
    </None>
    <None Include="sfml-audio-d-2.dll">
      <Filter>SFML</Filter>
    </None>
    <None Include="sfml-graphics-2.dll">
      <Filter>SFML</Filter>
    </None>
    <None Include="sfml-graphics-d-2.dll">
      <Filter>SFML</Filter>
    </None>
    <None Include="sfml-network-2.dll">
      <Filter>SFML</Filter>
    </None>
    <None Include="sfml-network-d-2.dll">
      <Filter>SFML</Filter>
    </None>
    <None Include="sfml-system-2.dll">
      <Filter>SFML</Filter>
    </None>
    <None Include="sfml-system-d-2.dll">
      <Filter>SFML</Filter>
    </None>
    <None Include="sfml-window-2.dll">
      <Filter>SFML</Filter>
    </None>
    <None Include="config\graphics.ini">
      <Filter>config</Filter>
    </None>
    <None Include="config\main_menu_keybinds.ini">
      <Filter>config</Filter>
    </None>
    <None Include="config\supported_keys.ini">
      <Filter>config</Filter>
    </None>
    <None Include="config\simulation_keybinds.ini">
      <Filter>config</Filter>
    </None>
    <None Include="resources\template files\ecosystem initializator.ini">
      <Filter>resources\template files</Filter>
    </None>
    <None Include="config\ecosystem_creator_keybinds.ini">
      <Filter>config</Filter>
    </None>
    <None Include="resources\textures\GUI\God tools\tool background.xcf">
      <Filter>resources\textures\GUI\God tools</Filter>
    </None>
    <None Include="resources\textures\GUI\God tools\brain\brain.xcf">
      <Filter>resources\textures\GUI\God tools\brain</Filter>
    </None>
    <None Include="resources\textures\GUI\God tools\clone.xcf">
      <Filter>resources\textures\GUI\God tools\clone</Filter>
    </None>
    <None Include="resources\textures\GUI\God tools\cursors\cursor.xcf">
      <Filter>resources\textures\GUI\God tools\cursors</Filter>
    </None>
    <None Include="resources\textures\GUI\arrows\left arrow.xcf">
      <Filter>resources\textures\GUI\arrows</Filter>
    </None>
    <None Include="resources\textures\GUI\play and stop\play.xcf">
      <Filter>resources\textures\GUI\play and stop</Filter>
    </None>
    <None Include="resources\textures\GUI\God tools\remove\remove.xcf">
      <Filter>resources\textures\GUI\God tools\remove</Filter>
    </None>
    <None Include="resources\textures\GUI\God tools\replace\replace.xcf">
      <Filter>resources\textures\GUI\God tools\replace</Filter>
    </None>
    <None Include="resources\textures\GUI\arrows\right arrow.xcf">
      <Filter>resources\textures\GUI\arrows</Filter>
    </None>
    <None Include="resources\textures\GUI\play and stop\stop.xcf">
      <Filter>resources\textures\GUI\play and stop</Filter>
    </None>
    <None Include="resources\textures\GUI\God tools\stop\stop.xcf">
      <Filter>resources\textures\GUI\God tools\stop</Filter>
    </None>
  </ItemGroup>
  <ItemGroup>
    <Font Include="resources\fonts\Retroica.ttf">
      <Filter>resources\fonts</Filter>
    </Font>
    <Font Include="resources\fonts\CONSOLAB.ttf">
      <Filter>resources\fonts</Filter>
    </Font>
  </ItemGroup>
  <ItemGroup>
    <Image Include="resources\textures\GUI\scale sliders\axes\axis hovered.png">
      <Filter>resources\textures\GUI\scale sliders\axes</Filter>
    </Image>
    <Image Include="resources\textures\GUI\scale sliders\axes\axis idle.png">
      <Filter>resources\textures\GUI\scale sliders\axes</Filter>
    </Image>
    <Image Include="resources\textures\GUI\scale sliders\axes\axis pressed.png">
      <Filter>resources\textures\GUI\scale sliders\axes</Filter>
    </Image>
    <Image Include="resources\textures\GUI\God tools\brain\brain hovered.png">
      <Filter>resources\textures\GUI\God tools\brain</Filter>
    </Image>
    <Image Include="resources\textures\GUI\God tools\brain\brain idle.png">
      <Filter>resources\textures\GUI\God tools\brain</Filter>
    </Image>
    <Image Include="resources\textures\GUI\God tools\brain\brain pressed.png">
      <Filter>resources\textures\GUI\God tools\brain</Filter>
    </Image>
    <Image Include="resources\textures\GUI\God tools\clone\clone hovered.png">
      <Filter>resources\textures\GUI\God tools\clone</Filter>
    </Image>
    <Image Include="resources\textures\GUI\God tools\clone\clone idle.png">
      <Filter>resources\textures\GUI\God tools\clone</Filter>
    </Image>
    <Image Include="resources\textures\GUI\God tools\clone\clone pressed.png">
      <Filter>resources\textures\GUI\God tools\clone</Filter>
    </Image>
    <Image Include="resources\textures\GUI\God tools\cursors\cursor hovered.png">
      <Filter>resources\textures\GUI\God tools\cursors</Filter>
    </Image>
    <Image Include="resources\textures\GUI\God tools\cursors\cursor idle.png">
      <Filter>resources\textures\GUI\God tools\cursors</Filter>
    </Image>
    <Image Include="resources\textures\GUI\God tools\cursors\cursor pressed.png">
      <Filter>resources\textures\GUI\God tools\cursors</Filter>
    </Image>
    <Image Include="resources\textures\GUI\scale sliders\handles\handle hovered.png">
      <Filter>resources\textures\GUI\scale sliders\handles</Filter>
    </Image>
    <Image Include="resources\textures\GUI\scale sliders\handles\handle idle.png">
      <Filter>resources\textures\GUI\scale sliders\handles</Filter>
    </Image>
    <Image Include="resources\textures\GUI\scale sliders\handles\handle pressed.png">
      <Filter>resources\textures\GUI\scale sliders\handles</Filter>
    </Image>
    <Image Include="resources\textures\GUI\arrows\left arrow hovered.png">
      <Filter>resources\textures\GUI\arrows</Filter>
    </Image>
    <Image Include="resources\textures\GUI\arrows\left arrow idle.png">
      <Filter>resources\textures\GUI\arrows</Filter>
    </Image>
    <Image Include="resources\textures\GUI\arrows\left arrow pressed.png">
      <Filter>resources\textures\GUI\arrows</Filter>
    </Image>
    <Image Include="resources\textures\GUI\play and stop\play hovered.png">
      <Filter>resources\textures\GUI\play and stop</Filter>
    </Image>
    <Image Include="resources\textures\GUI\play and stop\play idle.png">
      <Filter>resources\textures\GUI\play and stop</Filter>
    </Image>
    <Image Include="resources\textures\GUI\play and stop\play pressed.png">
      <Filter>resources\textures\GUI\play and stop</Filter>
    </Image>
    <Image Include="resources\textures\GUI\God tools\remove\remove hovered.png">
      <Filter>resources\textures\GUI\God tools\remove</Filter>
    </Image>
    <Image Include="resources\textures\GUI\God tools\remove\remove idle.png">
      <Filter>resources\textures\GUI\God tools\remove</Filter>
    </Image>
    <Image Include="resources\textures\GUI\God tools\remove\remove pressed.png">
      <Filter>resources\textures\GUI\God tools\remove</Filter>
    </Image>
    <Image Include="resources\textures\GUI\God tools\replace\replace idle.png">
      <Filter>resources\textures\GUI\God tools\replace</Filter>
    </Image>
    <Image Include="resources\textures\GUI\God tools\replace\replace hovered.png">
      <Filter>resources\textures\GUI\God tools\replace</Filter>
    </Image>
    <Image Include="resources\textures\GUI\God tools\replace\replace pressed.png">
      <Filter>resources\textures\GUI\God tools\replace</Filter>
    </Image>
    <Image Include="resources\textures\GUI\arrows\right arrow hovered.png">
      <Filter>resources\textures\GUI\arrows</Filter>
    </Image>
    <Image Include="resources\textures\GUI\arrows\right arrow idle.png">
      <Filter>resources\textures\GUI\arrows</Filter>
    </Image>
    <Image Include="resources\textures\GUI\arrows\right arrow pressed.png">
      <Filter>resources\textures\GUI\arrows</Filter>
    </Image>
    <Image Include="resources\textures\GUI\play and stop\stop hovered.png">
      <Filter>resources\textures\GUI\play and stop</Filter>
    </Image>
    <Image Include="resources\textures\GUI\play and stop\stop idle.png">
      <Filter>resources\textures\GUI\play and stop</Filter>
    </Image>
    <Image Include="resources\textures\GUI\play and stop\stop pressed.png">
      <Filter>resources\textures\GUI\play and stop</Filter>
    </Image>
    <Image Include="resources\textures\GUI\God tools\stop\stop hovered.png">
      <Filter>resources\textures\GUI\God tools\stop</Filter>
    </Image>
    <Image Include="resources\textures\GUI\God tools\stop\stop idle.png">
      <Filter>resources\textures\GUI\God tools\stop</Filter>
    </Image>
    <Image Include="resources\textures\GUI\God tools\stop\stop pressed.png">
      <Filter>resources\textures\GUI\God tools\stop</Filter>
    </Image>
  </ItemGroup>
</Project>