<?xml version="1.0" encoding="utf-8"?>
<Project ToolsVersion="4.0" xmlns="http://schemas.microsoft.com/developer/msbuild/2003">
  <ItemGroup>
    <ClCompile Include="src\main.cpp">
      <Filter>Source Files</Filter>
    </ClCompile>
    <ClCompile Include="src\stdafx.cpp">
      <Filter>precompiled files</Filter>
    </ClCompile>
    <ClCompile Include="src\App.cpp">
      <Filter>Source Files</Filter>
    </ClCompile>
    <ClCompile Include="src\State.cpp">
      <Filter>states</Filter>
    </ClCompile>
    <ClCompile Include="src\MainMenuState.cpp">
      <Filter>states</Filter>
    </ClCompile>
    <ClCompile Include="src\Gui.cpp">
      <Filter>GUI</Filter>
    </ClCompile>
    <ClCompile Include="src\GraphicsSettings.cpp">
      <Filter>Source Files</Filter>
    </ClCompile>
    <ClCompile Include="src\Crappy Neural Nets\HiddenLayer.cpp">
      <Filter>Crappy Neural Nets</Filter>
    </ClCompile>
    <ClCompile Include="src\Crappy Neural Nets\InputLayer.cpp">
      <Filter>Crappy Neural Nets</Filter>
    </ClCompile>
    <ClCompile Include="src\Crappy Neural Nets\Matrix.cpp">
      <Filter>Crappy Neural Nets</Filter>
    </ClCompile>
    <ClCompile Include="src\Crappy Neural Nets\NeuralNet.cpp">
      <Filter>Crappy Neural Nets</Filter>
    </ClCompile>
    <ClCompile Include="src\Crappy Neural Nets\Neuron.cpp">
      <Filter>Crappy Neural Nets</Filter>
    </ClCompile>
    <ClCompile Include="src\Crappy Neural Nets\OutputLayer.cpp">
      <Filter>Crappy Neural Nets</Filter>
    </ClCompile>
    <ClCompile Include="src\Crappy Neural Nets\RandomNumbersGenerator.cpp">
      <Filter>Crappy Neural Nets</Filter>
    </ClCompile>
    <ClCompile Include="src\SimulationState.cpp">
      <Filter>states</Filter>
    </ClCompile>
    <ClCompile Include="src\Ecosystem.cpp">
      <Filter>ecosystem</Filter>
    </ClCompile>
    <ClCompile Include="src\PauseMenu.cpp">
      <Filter>GUI</Filter>
    </ClCompile>
    <ClCompile Include="src\stdafx.cpp" />
    <ClCompile Include="src\MainMenuState.cpp" />
    <ClCompile Include="src\stdafx.cpp" />
    <ClCompile Include="src\PauseMenu.cpp" />
    <ClCompile Include="src\Ecosystem.cpp" />
    <ClCompile Include="src\GraphicsSettings.cpp" />
    <ClCompile Include="src\Gui.cpp" />
    <ClCompile Include="src\App.cpp" />
    <ClCompile Include="src\MainMenuState.cpp" />
    <ClCompile Include="src\stdafx.cpp" />
    <ClCompile Include="src\Button.cpp">
      <Filter>GUI</Filter>
    </ClCompile>
    <ClCompile Include="src\EcosystemCreatorState.cpp">
      <Filter>states</Filter>
    </ClCompile>
    <ClCompile Include="src\Food.cpp">
      <Filter>ecosystem</Filter>
    </ClCompile>
    <ClCompile Include="src\Individual.cpp">
      <Filter>ecosystem</Filter>
    </ClCompile>
    <ClCompile Include="src\InputField.cpp">
      <Filter>GUI</Filter>
    </ClCompile>
    <ClCompile Include="src\MovementComponent.cpp">
      <Filter>ecosystem\components</Filter>
    </ClCompile>
    <ClCompile Include="src\RenderingComponent.cpp">
      <Filter>ecosystem\components</Filter>
    </ClCompile>
    <ClCompile Include="src\ScaleSlider.cpp">
      <Filter>GUI</Filter>
    </ClCompile>
  </ItemGroup>
  <ItemGroup>
    <Filter Include="Resource Files">
      <UniqueIdentifier>{f56e7123-676d-4cbd-a0f0-6780b94d669a}</UniqueIdentifier>
    </Filter>
    <Filter Include="Source Files">
      <UniqueIdentifier>{2218bf07-da3f-4c9f-a6d5-33a2c4670944}</UniqueIdentifier>
    </Filter>
    <Filter Include="Header Files">
      <UniqueIdentifier>{0738937d-ac7b-46bd-a1e8-335c3f07ba8f}</UniqueIdentifier>
    </Filter>
    <Filter Include="SFML">
      <UniqueIdentifier>{f3797065-c832-41aa-9d51-e96a714ea6d2}</UniqueIdentifier>
    </Filter>
    <Filter Include="GUI">
      <UniqueIdentifier>{8df1c60e-71ef-4988-89cf-dcd01e9f7a2d}</UniqueIdentifier>
    </Filter>
    <Filter Include="Crappy Neural Nets">
      <UniqueIdentifier>{740901c6-bbff-4dfd-841c-76192cbb722c}</UniqueIdentifier>
    </Filter>
    <Filter Include="config">
      <UniqueIdentifier>{c35092b0-7f22-44b9-98e0-0b40f5814092}</UniqueIdentifier>
    </Filter>
    <Filter Include="states">
      <UniqueIdentifier>{72388021-8b8a-409f-b985-05c69ec26d6c}</UniqueIdentifier>
    </Filter>
    <Filter Include="resources">
      <UniqueIdentifier>{9e2c5b4d-5a6b-4eb2-919e-0a704e8976b7}</UniqueIdentifier>
    </Filter>
    <Filter Include="resources\fonts">
      <UniqueIdentifier>{a2b34f5f-01fd-4c7b-9292-2c361884f56d}</UniqueIdentifier>
    </Filter>
    <Filter Include="precompiled files">
      <UniqueIdentifier>{cc131141-cfa2-41e5-8bc5-e647d1065000}</UniqueIdentifier>
    </Filter>
    <Filter Include="ecosystem">
      <UniqueIdentifier>{5e38ab68-3f37-4336-8db8-35876a97bf71}</UniqueIdentifier>
    </Filter>
    <Filter Include="ecosystems">
      <UniqueIdentifier>{583b4a34-0c51-47fe-bb41-e8f154c2d68b}</UniqueIdentifier>
    </Filter>
    <Filter Include="ecosystem\components">
      <UniqueIdentifier>{50a56814-f21a-456a-a1ca-a211bfa880be}</UniqueIdentifier>
    </Filter>
    <Filter Include="resources\template files">
      <UniqueIdentifier>{b3b481b5-789f-408e-8ace-81b978afa1e9}</UniqueIdentifier>
    </Filter>
  </ItemGroup>
  <ItemGroup>
    <ClInclude Include="src\stdafx.h">
      <Filter>precompiled files</Filter>
    </ClInclude>
    <ClInclude Include="src\App.h">
      <Filter>Header Files</Filter>
    </ClInclude>
    <ClInclude Include="src\State.h">
      <Filter>states</Filter>
    </ClInclude>
    <ClInclude Include="src\MainMenuState.h">
      <Filter>states</Filter>
    </ClInclude>
    <ClInclude Include="src\Gui.h">
      <Filter>GUI</Filter>
    </ClInclude>
    <ClInclude Include="src\GraphicsSettings.h">
      <Filter>Header Files</Filter>
    </ClInclude>
    <ClInclude Include="src\Crappy Neural Nets\Config.h">
      <Filter>Crappy Neural Nets</Filter>
    </ClInclude>
    <ClInclude Include="src\Crappy Neural Nets\HiddenLayer.h">
      <Filter>Crappy Neural Nets</Filter>
    </ClInclude>
    <ClInclude Include="src\Crappy Neural Nets\InputLayer.h">
      <Filter>Crappy Neural Nets</Filter>
    </ClInclude>
    <ClInclude Include="src\Crappy Neural Nets\Matrix.h">
      <Filter>Crappy Neural Nets</Filter>
    </ClInclude>
    <ClInclude Include="src\Crappy Neural Nets\NeuralNet.h">
      <Filter>Crappy Neural Nets</Filter>
    </ClInclude>
    <ClInclude Include="src\Crappy Neural Nets\Neuron.h">
      <Filter>Crappy Neural Nets</Filter>
    </ClInclude>
    <ClInclude Include="src\Crappy Neural Nets\OutputLayer.h">
      <Filter>Crappy Neural Nets</Filter>
    </ClInclude>
    <ClInclude Include="src\Crappy Neural Nets\RandomNumbersGenerator.h">
      <Filter>Crappy Neural Nets</Filter>
    </ClInclude>
    <ClInclude Include="src\SimulationState.h">
      <Filter>states</Filter>
    </ClInclude>
    <ClInclude Include="src\Ecosystem.h">
      <Filter>ecosystem</Filter>
    </ClInclude>
    <ClInclude Include="src\PauseMenu.h">
      <Filter>GUI</Filter>
    </ClInclude>
    <ClInclude Include="src\stdafx.h" />
    <ClInclude Include="src\stdafx.h" />
    <ClInclude Include="src\stdafx.h" />
    <ClInclude Include="src\Button.h">
      <Filter>GUI</Filter>
    </ClInclude>
    <ClInclude Include="src\EcosystemCreatorState.h">
      <Filter>states</Filter>
    </ClInclude>
    <ClInclude Include="src\Food.h">
      <Filter>ecosystem</Filter>
    </ClInclude>
    <ClInclude Include="src\Individual.h">
      <Filter>ecosystem</Filter>
    </ClInclude>
    <ClInclude Include="src\InputField.h">
      <Filter>GUI</Filter>
    </ClInclude>
    <ClInclude Include="src\MovementComponent.h">
      <Filter>ecosystem\components</Filter>
    </ClInclude>
    <ClInclude Include="src\RenderingComponent.h">
      <Filter>ecosystem\components</Filter>
    </ClInclude>
    <ClInclude Include="src\ScaleSlider.h">
      <Filter>GUI</Filter>
    </ClInclude>
  </ItemGroup>
  <ItemGroup>
    <None Include="sfml-window-d-2.dll">
      <Filter>SFML</Filter>
    </None>
    <None Include="openal32.dll">
      <Filter>SFML</Filter>
    </None>
    <None Include="sfml-audio-2.dll">
      <Filter>SFML</Filter>
    </None>
    <None Include="sfml-audio-d-2.dll">
      <Filter>SFML</Filter>
    </None>
    <None Include="sfml-graphics-2.dll">
      <Filter>SFML</Filter>
    </None>
    <None Include="sfml-graphics-d-2.dll">
      <Filter>SFML</Filter>
    </None>
    <None Include="sfml-network-2.dll">
      <Filter>SFML</Filter>
    </None>
    <None Include="sfml-network-d-2.dll">
      <Filter>SFML</Filter>
    </None>
    <None Include="sfml-system-2.dll">
      <Filter>SFML</Filter>
    </None>
    <None Include="sfml-system-d-2.dll">
      <Filter>SFML</Filter>
    </None>
    <None Include="sfml-window-2.dll">
      <Filter>SFML</Filter>
    </None>
    <None Include="config\graphics.ini">
      <Filter>config</Filter>
    </None>
    <None Include="config\main_menu_keybinds.ini">
      <Filter>config</Filter>
    </None>
    <None Include="config\supported_keys.ini">
      <Filter>config</Filter>
    </None>
    <None Include="config\simulation_keybinds.ini">
      <Filter>config</Filter>
    </None>
    <None Include="resources\template files\ecosystem initializator.ini">
      <Filter>resources\template files</Filter>
    </None>
  </ItemGroup>
  <ItemGroup>
    <Font Include="resources\fonts\Retroica.ttf">
      <Filter>resources\fonts</Filter>
    </Font>
    <Font Include="resources\fonts\CONSOLAB.ttf">
      <Filter>resources\fonts</Filter>
    </Font>
  </ItemGroup>
</Project>