
Microsoft Visual Studio Solution File, Format Version 12.00
# Visual Studio Version 16
VisualStudioVersion = 16.0.31205.134
MinimumVisualStudioVersion = 10.0.40219.1
Project("{8BC9CEB8-8B4A-11D0-8D11-00A0C91BC942}") = "Ecosystem Simulation", "Ecosystem Simulation\Ecosystem Simulation.vcxproj", "{CBBF68CD-E095-4BB5-9605-FA6B516C60F4}"
EndProject
Global
	GlobalSection(SolutionConfigurationPlatforms) = preSolution
		Debug|x64 = Debug|x64
		Debug|x86 = Debug|x86
		Release|x64 = Release|x64
		Release|x86 = Release|x86
	EndGlobalSection
	GlobalSection(ProjectConfigurationPlatforms) = postSolution
		{CBBF68CD-E095-4BB5-9605-FA6B516C60F4}.Debug|x64.ActiveCfg = Debug|x64
		{CBBF68CD-E095-4BB5-9605-FA6B516C60F4}.Debug|x64.Build.0 = Debug|x64
		{CBBF68CD-E095-4BB5-9605-FA6B516C60F4}.Debug|x86.ActiveCfg = Debug|Win32
		{CBBF68CD-E095-4BB5-9605-FA6B516C60F4}.Debug|x86.Build.0 = Debug|Win32
		{CBBF68CD-E095-4BB5-9605-FA6B516C60F4}.Release|x64.ActiveCfg = Release|x64
		{CBBF68CD-E095-4BB5-9605-FA6B516C60F4}.Release|x64.Build.0 = Release|x64
		{CBBF68CD-E095-4BB5-9605-FA6B516C60F4}.Release|x86.ActiveCfg = Release|Win32
		{CBBF68CD-E095-4BB5-9605-FA6B516C60F4}.Release|x86.Build.0 = Release|Win32
	EndGlobalSection
	GlobalSection(SolutionProperties) = preSolution
		HideSolutionNode = FALSE
	EndGlobalSection
	GlobalSection(ExtensibilityGlobals) = postSolution
		SolutionGuid = {95728641-CA67-4838-A087-76507CA08F04}
	EndGlobalSection
EndGlobal
